
Microsoft Visual Studio Solution File, Format Version 12.00
# Visual Studio Version 17
VisualStudioVersion = 17.9.34723.18
MinimumVisualStudioVersion = 10.0.40219.1
Project("{FAE04EC0-301F-11D3-BF4B-00C04F79EFBC}") = "Guia0_04", "Guia0_04.csproj", "{8F5DE2E2-618C-41F4-9531-058BDDE6489B}"
EndProject
Global
	GlobalSection(SolutionConfigurationPlatforms) = preSolution
		Debug|Any CPU = Debug|Any CPU
		Release|Any CPU = Release|Any CPU
	EndGlobalSection
	GlobalSection(ProjectConfigurationPlatforms) = postSolution
		{8F5DE2E2-618C-41F4-9531-058BDDE6489B}.Debug|Any CPU.ActiveCfg = Debug|Any CPU
		{8F5DE2E2-618C-41F4-9531-058BDDE6489B}.Debug|Any CPU.Build.0 = Debug|Any CPU
		{8F5DE2E2-618C-41F4-9531-058BDDE6489B}.Release|Any CPU.ActiveCfg = Release|Any CPU
		{8F5DE2E2-618C-41F4-9531-058BDDE6489B}.Release|Any CPU.Build.0 = Release|Any CPU
	EndGlobalSection
	GlobalSection(SolutionProperties) = preSolution
		HideSolutionNode = FALSE
	EndGlobalSection
	GlobalSection(ExtensibilityGlobals) = postSolution
		SolutionGuid = {7C99CC85-4CD0-4030-B722-8C20B4E403F5}
	EndGlobalSection
EndGlobal
